
Microsoft Visual Studio Solution File, Format Version 12.00
# Visual Studio Version 17
VisualStudioVersion = 17.9.34723.18
MinimumVisualStudioVersion = 10.0.40219.1
Project("{9A19103F-16F7-4668-BE54-9A1E7A4F7556}") = "MarkdownDocumentGenerator", "MarkdownDocumentGenerator\MarkdownDocumentGenerator.csproj", "{689876AD-669A-4D7D-A6D8-52EDDB26A689}"
EndProject
Project("{9A19103F-16F7-4668-BE54-9A1E7A4F7556}") = "DTO", "DTO\DTO.csproj", "{B1328A64-0513-45A3-A3FC-BDEDFFFFA615}"
EndProject
Project("{9A19103F-16F7-4668-BE54-9A1E7A4F7556}") = "MarkdownDocumentGenerator.Test", "MarkdownDocumentGenerator.Test\MarkdownDocumentGenerator.Test.csproj", "{AFBD4209-062C-4113-9D7E-C034049DA72A}"
EndProject
Global
	GlobalSection(SolutionConfigurationPlatforms) = preSolution
		Debug|Any CPU = Debug|Any CPU
		Release|Any CPU = Release|Any CPU
	EndGlobalSection
	GlobalSection(ProjectConfigurationPlatforms) = postSolution
		{689876AD-669A-4D7D-A6D8-52EDDB26A689}.Debug|Any CPU.ActiveCfg = Debug|Any CPU
		{689876AD-669A-4D7D-A6D8-52EDDB26A689}.Debug|Any CPU.Build.0 = Debug|Any CPU
		{689876AD-669A-4D7D-A6D8-52EDDB26A689}.Release|Any CPU.ActiveCfg = Release|Any CPU
		{689876AD-669A-4D7D-A6D8-52EDDB26A689}.Release|Any CPU.Build.0 = Release|Any CPU
		{B1328A64-0513-45A3-A3FC-BDEDFFFFA615}.Debug|Any CPU.ActiveCfg = Debug|Any CPU
		{B1328A64-0513-45A3-A3FC-BDEDFFFFA615}.Debug|Any CPU.Build.0 = Debug|Any CPU
		{B1328A64-0513-45A3-A3FC-BDEDFFFFA615}.Release|Any CPU.ActiveCfg = Release|Any CPU
		{B1328A64-0513-45A3-A3FC-BDEDFFFFA615}.Release|Any CPU.Build.0 = Release|Any CPU
		{AFBD4209-062C-4113-9D7E-C034049DA72A}.Debug|Any CPU.ActiveCfg = Debug|Any CPU
		{AFBD4209-062C-4113-9D7E-C034049DA72A}.Debug|Any CPU.Build.0 = Debug|Any CPU
		{AFBD4209-062C-4113-9D7E-C034049DA72A}.Release|Any CPU.ActiveCfg = Release|Any CPU
		{AFBD4209-062C-4113-9D7E-C034049DA72A}.Release|Any CPU.Build.0 = Release|Any CPU
	EndGlobalSection
	GlobalSection(SolutionProperties) = preSolution
		HideSolutionNode = FALSE
	EndGlobalSection
	GlobalSection(ExtensibilityGlobals) = postSolution
		SolutionGuid = {21F75CF0-931F-402B-839E-59948435A6C9}
	EndGlobalSection
EndGlobal
